
Microsoft Visual Studio Solution File, Format Version 12.00
# Visual Studio 15
VisualStudioVersion = 15.0.28010.2048
MinimumVisualStudioVersion = 10.0.40219.1
Project("{FAE04EC0-301F-11D3-BF4B-00C04F79EFBC}") = "RazorCodeGen", "RazorCodeGen\RazorCodeGen.csproj", "{CA11C63C-3C42-4C3D-8306-727AF559F240}"
EndProject
Global
	GlobalSection(SolutionConfigurationPlatforms) = preSolution
		Debug|Any CPU = Debug|Any CPU
		Release|Any CPU = Release|Any CPU
	EndGlobalSection
	GlobalSection(ProjectConfigurationPlatforms) = postSolution
		{CA11C63C-3C42-4C3D-8306-727AF559F240}.Debug|Any CPU.ActiveCfg = Debug|Any CPU
		{CA11C63C-3C42-4C3D-8306-727AF559F240}.Debug|Any CPU.Build.0 = Debug|Any CPU
		{CA11C63C-3C42-4C3D-8306-727AF559F240}.Release|Any CPU.ActiveCfg = Release|Any CPU
		{CA11C63C-3C42-4C3D-8306-727AF559F240}.Release|Any CPU.Build.0 = Release|Any CPU
	EndGlobalSection
	GlobalSection(SolutionProperties) = preSolution
		HideSolutionNode = FALSE
	EndGlobalSection
	GlobalSection(ExtensibilityGlobals) = postSolution
		SolutionGuid = {D7E63ADC-E283-4C61-909A-09C3AD001D06}
	EndGlobalSection
EndGlobal
